
Microsoft Visual Studio Solution File, Format Version 12.00
# Visual Studio Version 17
VisualStudioVersion = 17.4.33213.308
MinimumVisualStudioVersion = 10.0.40219.1
Project("{9A19103F-16F7-4668-BE54-9A1E7A4F7556}") = "TraversalCoreProject", "TraversalCoreProject\TraversalCoreProject.csproj", "{16E867E5-C537-48C0-9398-E33233D0E8E1}"
EndProject
Project("{9A19103F-16F7-4668-BE54-9A1E7A4F7556}") = "EntityLayer", "EntityLayer\EntityLayer.csproj", "{FCB8EB8D-E9C5-4803-8140-C70B3066BC07}"
EndProject
Project("{9A19103F-16F7-4668-BE54-9A1E7A4F7556}") = "DataAccessLayer", "DataAccessLayer\DataAccessLayer.csproj", "{D02F8D09-4DF2-4EB0-AD67-9329B6875D87}"
EndProject
Project("{9A19103F-16F7-4668-BE54-9A1E7A4F7556}") = "BusinessLayer", "BusinessLayer\BusinessLayer.csproj", "{D8FC866D-53BE-400D-9305-7A5D8ACA8D02}"
EndProject
Project("{9A19103F-16F7-4668-BE54-9A1E7A4F7556}") = "DtoLayer", "DtoLayer\DtoLayer.csproj", "{F7E17795-0B4C-4F79-A891-79FBBDFE9240}"
EndProject
Project("{FAE04EC0-301F-11D3-BF4B-00C04F79EFBC}") = "SignalRApi", "SignalRApi\SignalRApi.csproj", "{99E36220-047F-40CA-8CDD-7EF3B4B134C6}"
EndProject
Global
	GlobalSection(SolutionConfigurationPlatforms) = preSolution
		Debug|Any CPU = Debug|Any CPU
		Release|Any CPU = Release|Any CPU
	EndGlobalSection
	GlobalSection(ProjectConfigurationPlatforms) = postSolution
		{16E867E5-C537-48C0-9398-E33233D0E8E1}.Debug|Any CPU.ActiveCfg = Debug|Any CPU
		{16E867E5-C537-48C0-9398-E33233D0E8E1}.Debug|Any CPU.Build.0 = Debug|Any CPU
		{16E867E5-C537-48C0-9398-E33233D0E8E1}.Release|Any CPU.ActiveCfg = Release|Any CPU
		{16E867E5-C537-48C0-9398-E33233D0E8E1}.Release|Any CPU.Build.0 = Release|Any CPU
		{FCB8EB8D-E9C5-4803-8140-C70B3066BC07}.Debug|Any CPU.ActiveCfg = Debug|Any CPU
		{FCB8EB8D-E9C5-4803-8140-C70B3066BC07}.Debug|Any CPU.Build.0 = Debug|Any CPU
		{FCB8EB8D-E9C5-4803-8140-C70B3066BC07}.Release|Any CPU.ActiveCfg = Release|Any CPU
		{FCB8EB8D-E9C5-4803-8140-C70B3066BC07}.Release|Any CPU.Build.0 = Release|Any CPU
		{D02F8D09-4DF2-4EB0-AD67-9329B6875D87}.Debug|Any CPU.ActiveCfg = Debug|Any CPU
		{D02F8D09-4DF2-4EB0-AD67-9329B6875D87}.Debug|Any CPU.Build.0 = Debug|Any CPU
		{D02F8D09-4DF2-4EB0-AD67-9329B6875D87}.Release|Any CPU.ActiveCfg = Release|Any CPU
		{D02F8D09-4DF2-4EB0-AD67-9329B6875D87}.Release|Any CPU.Build.0 = Release|Any CPU
		{D8FC866D-53BE-400D-9305-7A5D8ACA8D02}.Debug|Any CPU.ActiveCfg = Debug|Any CPU
		{D8FC866D-53BE-400D-9305-7A5D8ACA8D02}.Debug|Any CPU.Build.0 = Debug|Any CPU
		{D8FC866D-53BE-400D-9305-7A5D8ACA8D02}.Release|Any CPU.ActiveCfg = Release|Any CPU
		{D8FC866D-53BE-400D-9305-7A5D8ACA8D02}.Release|Any CPU.Build.0 = Release|Any CPU
		{F7E17795-0B4C-4F79-A891-79FBBDFE9240}.Debug|Any CPU.ActiveCfg = Debug|Any CPU
		{F7E17795-0B4C-4F79-A891-79FBBDFE9240}.Debug|Any CPU.Build.0 = Debug|Any CPU
		{F7E17795-0B4C-4F79-A891-79FBBDFE9240}.Release|Any CPU.ActiveCfg = Release|Any CPU
		{F7E17795-0B4C-4F79-A891-79FBBDFE9240}.Release|Any CPU.Build.0 = Release|Any CPU
		{99E36220-047F-40CA-8CDD-7EF3B4B134C6}.Debug|Any CPU.ActiveCfg = Debug|Any CPU
		{99E36220-047F-40CA-8CDD-7EF3B4B134C6}.Debug|Any CPU.Build.0 = Debug|Any CPU
		{99E36220-047F-40CA-8CDD-7EF3B4B134C6}.Release|Any CPU.ActiveCfg = Release|Any CPU
		{99E36220-047F-40CA-8CDD-7EF3B4B134C6}.Release|Any CPU.Build.0 = Release|Any CPU
	EndGlobalSection
	GlobalSection(SolutionProperties) = preSolution
		HideSolutionNode = FALSE
	EndGlobalSection
	GlobalSection(ExtensibilityGlobals) = postSolution
		SolutionGuid = {5F90778C-6426-4DDF-9300-95CD76A1E79F}
	EndGlobalSection
EndGlobal
